
Microsoft Visual Studio Solution File, Format Version 12.00
# Visual Studio 14
VisualStudioVersion = 14.0.25420.1
MinimumVisualStudioVersion = 10.0.40219.1
Project("{FAE04EC0-301F-11D3-BF4B-00C04F79EFBC}") = "RankGenerator.Examples", "RankGenerator.Examples\RankGenerator.Examples.csproj", "{BAD61861-8A70-4B02-A030-E5CCD6F31E0A}"
EndProject
Project("{FAE04EC0-301F-11D3-BF4B-00C04F79EFBC}") = "RankGenerator.Tests", "RankGenerator.Tests\RankGenerator.Tests.csproj", "{21271EDD-253D-4237-A33F-6C8A5228FF34}"
EndProject
Project("{FAE04EC0-301F-11D3-BF4B-00C04F79EFBC}") = "RankGenerator", "RankGenerator\RankGenerator.csproj", "{D96ADDFA-4BDC-4C38-A814-4C12CBDDBC75}"
EndProject
Global
	GlobalSection(SolutionConfigurationPlatforms) = preSolution
		Debug|Any CPU = Debug|Any CPU
		Release|Any CPU = Release|Any CPU
	EndGlobalSection
	GlobalSection(ProjectConfigurationPlatforms) = postSolution
		{BAD61861-8A70-4B02-A030-E5CCD6F31E0A}.Debug|Any CPU.ActiveCfg = Debug|Any CPU
		{BAD61861-8A70-4B02-A030-E5CCD6F31E0A}.Debug|Any CPU.Build.0 = Debug|Any CPU
		{BAD61861-8A70-4B02-A030-E5CCD6F31E0A}.Release|Any CPU.ActiveCfg = Release|Any CPU
		{BAD61861-8A70-4B02-A030-E5CCD6F31E0A}.Release|Any CPU.Build.0 = Release|Any CPU
		{21271EDD-253D-4237-A33F-6C8A5228FF34}.Debug|Any CPU.ActiveCfg = Debug|Any CPU
		{21271EDD-253D-4237-A33F-6C8A5228FF34}.Debug|Any CPU.Build.0 = Debug|Any CPU
		{21271EDD-253D-4237-A33F-6C8A5228FF34}.Release|Any CPU.ActiveCfg = Release|Any CPU
		{21271EDD-253D-4237-A33F-6C8A5228FF34}.Release|Any CPU.Build.0 = Release|Any CPU
		{D96ADDFA-4BDC-4C38-A814-4C12CBDDBC75}.Debug|Any CPU.ActiveCfg = Debug|Any CPU
		{D96ADDFA-4BDC-4C38-A814-4C12CBDDBC75}.Debug|Any CPU.Build.0 = Debug|Any CPU
		{D96ADDFA-4BDC-4C38-A814-4C12CBDDBC75}.Release|Any CPU.ActiveCfg = Release|Any CPU
		{D96ADDFA-4BDC-4C38-A814-4C12CBDDBC75}.Release|Any CPU.Build.0 = Release|Any CPU
	EndGlobalSection
	GlobalSection(SolutionProperties) = preSolution
		HideSolutionNode = FALSE
	EndGlobalSection
EndGlobal
